{
  "version": 4,
  "terraform_version": "1.2.6",
  "serial": 10,
  "lineage": "15d954df-8806-b689-8f67-4c1af4501ebc",
  "outputs": {},
  "resources": [
    {
      "mode": "data",
      "type": "archive_file",
      "name": "app_archive",
      "provider": "provider[\"registry.terraform.io/hashicorp/archive\"]",
      "instances": [
        {
          "schema_version": 0,
          "attributes": {
            "excludes": null,
            "id": "6ee81e90fb57380823b9e5f9a4fe0e722c55a361",
            "output_base64sha256": "C+CxoHIZFFPtoAONYzv5eDFApJpJjVnNni658nbV/fQ=",
            "output_file_mode": null,
            "output_md5": "ddbbf69480bece29f01f94a529e7badd",
            "output_path": "function-app.zip",
            "output_sha": "6ee81e90fb57380823b9e5f9a4fe0e722c55a361",
            "output_size": 336813,
            "source": [],
            "source_content": null,
            "source_content_filename": null,
            "source_dir": "../src/me.SampleAF/bin/Release/net6.0/publish",
            "source_file": null,
            "type": "zip"
          },
          "sensitive_attributes": []
        }
      ]
    },
    {
      "mode": "data",
      "type": "azurerm_storage_account_blob_container_sas",
      "name": "app_blob_sas",
      "provider": "provider[\"registry.terraform.io/hashicorp/azurerm\"]",
      "instances": [
        {
          "schema_version": 0,
          "attributes": {
            "cache_control": null,
            "connection_string": "DefaultEndpointsProtocol=https;AccountName=mefunctionsapptestsa;AccountKey=/xbRGH/17axLzVk+l0lckrOHlvwsTFf+1zNELrzXfwNzOPEvMxAmivUhmw2HfZwX9puz2zfp9LSK+AStuU3QGA==;EndpointSuffix=core.windows.net",
            "container_name": "functions",
            "content_disposition": null,
            "content_encoding": null,
            "content_language": null,
            "content_type": null,
            "expiry": "2023-01-01T00:00:00Z",
            "https_only": true,
            "id": "77719a14d73f0bf128035b1895c54f2d1d0108a22fc44f0f82bec37eb59afa9f",
            "ip_address": null,
            "permissions": [
              {
                "add": false,
                "create": false,
                "delete": false,
                "list": false,
                "read": true,
                "write": false
              }
            ],
            "sas": "?sv=2018-11-09\u0026sr=c\u0026st=2021-01-01T00%3A00%3A00Z\u0026se=2023-01-01T00%3A00%3A00Z\u0026sp=r\u0026spr=https\u0026sig=wiocO1FIq37cNjU%2BpSCXHkEh3LHOAeOjPxeYSby%2FX1w%3D",
            "start": "2021-01-01T00:00:00Z",
            "timeouts": null
          },
          "sensitive_attributes": [
            [
              {
                "type": "get_attr",
                "value": "connection_string"
              }
            ]
          ]
        }
      ]
    },
    {
      "mode": "managed",
      "type": "azurerm_linux_function_app",
      "name": "app_af",
      "provider": "provider[\"registry.terraform.io/hashicorp/azurerm\"]",
      "instances": [
        {
          "schema_version": 0,
          "attributes": {
            "app_settings": {
              "WEBSITE_RUN_FROM_PACKAGE": "https://mefunctionsapptestsa.blob.core.windows.net/functions/0be0b1a072191453eda0038d633bf9783140a49a498d59cd9e2eb9f276d5fdf4.zip?sv=2018-11-09\u0026sr=c\u0026st=2021-01-01T00%3A00%3A00Z\u0026se=2023-01-01T00%3A00%3A00Z\u0026sp=r\u0026spr=https\u0026sig=wiocO1FIq37cNjU%2BpSCXHkEh3LHOAeOjPxeYSby%2FX1w%3D"
            },
            "auth_settings": [
              {
                "active_directory": [],
                "additional_login_parameters": {},
                "allowed_external_redirect_urls": [],
                "default_provider": "",
                "enabled": false,
                "facebook": [],
                "github": [],
                "google": [],
                "issuer": "",
                "microsoft": [],
                "runtime_version": "",
                "token_refresh_extension_hours": 0,
                "token_store_enabled": false,
                "twitter": [],
                "unauthenticated_client_action": ""
              }
            ],
            "backup": [],
            "builtin_logging_enabled": true,
            "client_certificate_enabled": false,
            "client_certificate_mode": "Optional",
            "connection_string": [],
            "content_share_force_disabled": false,
            "custom_domain_verification_id": "51B34C08EEBD7101F9B1F8DA48510D85BAD2150E2E3412B1B21D843CD5E89105",
            "daily_memory_time_quota": 0,
            "default_hostname": "metest-azure-functions.azurewebsites.net",
            "enabled": true,
            "functions_extension_version": "~4",
            "https_only": false,
            "id": "/subscriptions/866a3c2d-46e8-4a34-874f-119dfb3f275d/resourceGroups/meazure-functions-test-rg/providers/Microsoft.Web/sites/metest-azure-functions",
            "identity": [],
            "key_vault_reference_identity_id": "SystemAssigned",
            "kind": "functionapp,linux",
            "location": "westeurope",
            "name": "metest-azure-functions",
            "outbound_ip_address_list": [],
            "outbound_ip_addresses": "",
            "possible_outbound_ip_address_list": [],
            "possible_outbound_ip_addresses": "",
            "resource_group_name": "meazure-functions-test-rg",
            "service_plan_id": "/subscriptions/866a3c2d-46e8-4a34-874f-119dfb3f275d/resourceGroups/meazure-functions-test-rg/providers/Microsoft.Web/serverfarms/meazure-functions-test-service-plan",
            "site_config": [
              {
                "always_on": false,
                "api_definition_url": "",
                "api_management_api_id": "",
                "app_command_line": "",
                "app_scale_limit": 200,
                "app_service_logs": [],
                "application_insights_connection_string": "",
                "application_insights_key": "",
                "application_stack": [],
                "container_registry_managed_identity_client_id": "",
                "container_registry_use_managed_identity": false,
                "cors": [],
                "default_documents": [
                  "Default.htm",
                  "Default.html",
                  "Default.asp",
                  "index.htm",
                  "index.html",
                  "iisstart.htm",
                  "default.aspx",
                  "index.php"
                ],
                "detailed_error_logging_enabled": false,
                "elastic_instance_minimum": 0,
                "ftps_state": "Disabled",
                "health_check_eviction_time_in_min": 0,
                "health_check_path": "",
                "http2_enabled": false,
                "ip_restriction": [],
                "linux_fx_version": "",
                "load_balancing_mode": "LeastRequests",
                "managed_pipeline_mode": "Integrated",
                "minimum_tls_version": "1.2",
                "pre_warmed_instance_count": 0,
                "remote_debugging_enabled": false,
                "remote_debugging_version": "",
                "runtime_scale_monitoring_enabled": false,
                "scm_ip_restriction": [],
                "scm_minimum_tls_version": "1.2",
                "scm_type": "None",
                "scm_use_main_ip_restriction": false,
                "use_32_bit_worker": false,
                "vnet_route_all_enabled": false,
                "websockets_enabled": false,
                "worker_count": 1
              }
            ],
            "site_credential": [
              {
                "name": "$metest-azure-functions",
                "password": "qyYsovJMFZl6AwdGPtSf91HBus4aYFiiHt4yxWpi0cth9FKRRzT4gThRk5mn"
              }
            ],
            "sticky_settings": [],
            "storage_account_access_key": "/xbRGH/17axLzVk+l0lckrOHlvwsTFf+1zNELrzXfwNzOPEvMxAmivUhmw2HfZwX9puz2zfp9LSK+AStuU3QGA==",
            "storage_account_name": "mefunctionsapptestsa",
            "storage_key_vault_secret_id": "",
            "storage_uses_managed_identity": false,
            "tags": {},
            "timeouts": null,
            "virtual_network_subnet_id": ""
          },
          "sensitive_attributes": [
            [
              {
                "type": "get_attr",
                "value": "app_settings"
              },
              {
                "type": "index",
                "value": {
                  "value": "WEBSITE_RUN_FROM_PACKAGE",
                  "type": "string"
                }
              }
            ],
            [
              {
                "type": "get_attr",
                "value": "storage_account_access_key"
              }
            ]
          ],
          "private": "eyJlMmJmYjczMC1lY2FhLTExZTYtOGY4OC0zNDM2M2JjN2M0YzAiOnsiY3JlYXRlIjoxODAwMDAwMDAwMDAwLCJkZWxldGUiOjE4MDAwMDAwMDAwMDAsInJlYWQiOjMwMDAwMDAwMDAwMCwidXBkYXRlIjoxODAwMDAwMDAwMDAwfX0=",
          "dependencies": [
            "azurerm_resource_group.app_rgp",
            "azurerm_service_plan.app_plan",
            "azurerm_storage_account.app_storage",
            "azurerm_storage_blob.app_storage_blob",
            "azurerm_storage_container.app_storage_container",
            "data.archive_file.app_archive",
            "data.azurerm_storage_account_blob_container_sas.app_blob_sas"
          ]
        }
      ]
    },
    {
      "mode": "managed",
      "type": "azurerm_resource_group",
      "name": "app_rgp",
      "provider": "provider[\"registry.terraform.io/hashicorp/azurerm\"]",
      "instances": [
        {
          "schema_version": 0,
          "attributes": {
            "id": "/subscriptions/866a3c2d-46e8-4a34-874f-119dfb3f275d/resourceGroups/meazure-functions-test-rg",
            "location": "westeurope",
            "name": "meazure-functions-test-rg",
            "tags": {},
            "timeouts": null
          },
          "sensitive_attributes": [],
          "private": "eyJlMmJmYjczMC1lY2FhLTExZTYtOGY4OC0zNDM2M2JjN2M0YzAiOnsiY3JlYXRlIjo1NDAwMDAwMDAwMDAwLCJkZWxldGUiOjU0MDAwMDAwMDAwMDAsInJlYWQiOjMwMDAwMDAwMDAwMCwidXBkYXRlIjo1NDAwMDAwMDAwMDAwfX0="
        }
      ]
    },
    {
      "mode": "managed",
      "type": "azurerm_service_plan",
      "name": "app_plan",
      "provider": "provider[\"registry.terraform.io/hashicorp/azurerm\"]",
      "instances": [
        {
          "schema_version": 0,
          "attributes": {
            "app_service_environment_id": "",
            "id": "/subscriptions/866a3c2d-46e8-4a34-874f-119dfb3f275d/resourceGroups/meazure-functions-test-rg/providers/Microsoft.Web/serverfarms/meazure-functions-test-service-plan",
            "kind": "functionapp",
            "location": "westeurope",
            "maximum_elastic_worker_count": 1,
            "name": "meazure-functions-test-service-plan",
            "os_type": "Linux",
            "per_site_scaling_enabled": false,
            "reserved": true,
            "resource_group_name": "meazure-functions-test-rg",
            "sku_name": "Y1",
            "tags": {},
            "timeouts": null,
            "worker_count": 0,
            "zone_balancing_enabled": false
          },
          "sensitive_attributes": [],
          "private": "eyJlMmJmYjczMC1lY2FhLTExZTYtOGY4OC0zNDM2M2JjN2M0YzAiOnsiY3JlYXRlIjozNjAwMDAwMDAwMDAwLCJkZWxldGUiOjM2MDAwMDAwMDAwMDAsInJlYWQiOjMwMDAwMDAwMDAwMCwidXBkYXRlIjozNjAwMDAwMDAwMDAwfX0=",
          "dependencies": [
            "azurerm_resource_group.app_rgp"
          ]
        }
      ]
    },
    {
      "mode": "managed",
      "type": "azurerm_storage_account",
      "name": "app_storage",
      "provider": "provider[\"registry.terraform.io/hashicorp/azurerm\"]",
      "instances": [
        {
          "schema_version": 3,
          "attributes": {
            "access_tier": "Hot",
            "account_kind": "StorageV2",
            "account_replication_type": "LRS",
            "account_tier": "Standard",
            "allow_nested_items_to_be_public": true,
            "azure_files_authentication": [],
            "blob_properties": [
              {
                "change_feed_enabled": false,
                "change_feed_retention_in_days": 0,
                "container_delete_retention_policy": [],
                "cors_rule": [],
                "default_service_version": "",
                "delete_retention_policy": [],
                "last_access_time_enabled": false,
                "versioning_enabled": false
              }
            ],
            "cross_tenant_replication_enabled": true,
            "custom_domain": [],
            "customer_managed_key": [],
            "edge_zone": "",
            "enable_https_traffic_only": true,
            "id": "/subscriptions/866a3c2d-46e8-4a34-874f-119dfb3f275d/resourceGroups/meazure-functions-test-rg/providers/Microsoft.Storage/storageAccounts/mefunctionsapptestsa",
            "identity": [],
            "infrastructure_encryption_enabled": false,
            "is_hns_enabled": false,
            "large_file_share_enabled": null,
            "location": "westeurope",
            "min_tls_version": "TLS1_2",
            "name": "mefunctionsapptestsa",
            "network_rules": [
              {
                "bypass": [
                  "AzureServices"
                ],
                "default_action": "Allow",
                "ip_rules": [],
                "private_link_access": [],
                "virtual_network_subnet_ids": []
              }
            ],
            "nfsv3_enabled": false,
            "primary_access_key": "/xbRGH/17axLzVk+l0lckrOHlvwsTFf+1zNELrzXfwNzOPEvMxAmivUhmw2HfZwX9puz2zfp9LSK+AStuU3QGA==",
            "primary_blob_connection_string": "DefaultEndpointsProtocol=https;BlobEndpoint=https://mefunctionsapptestsa.blob.core.windows.net/;AccountName=mefunctionsapptestsa;AccountKey=/xbRGH/17axLzVk+l0lckrOHlvwsTFf+1zNELrzXfwNzOPEvMxAmivUhmw2HfZwX9puz2zfp9LSK+AStuU3QGA==",
            "primary_blob_endpoint": "https://mefunctionsapptestsa.blob.core.windows.net/",
            "primary_blob_host": "mefunctionsapptestsa.blob.core.windows.net",
            "primary_connection_string": "DefaultEndpointsProtocol=https;AccountName=mefunctionsapptestsa;AccountKey=/xbRGH/17axLzVk+l0lckrOHlvwsTFf+1zNELrzXfwNzOPEvMxAmivUhmw2HfZwX9puz2zfp9LSK+AStuU3QGA==;EndpointSuffix=core.windows.net",
            "primary_dfs_endpoint": "https://mefunctionsapptestsa.dfs.core.windows.net/",
            "primary_dfs_host": "mefunctionsapptestsa.dfs.core.windows.net",
            "primary_file_endpoint": "https://mefunctionsapptestsa.file.core.windows.net/",
            "primary_file_host": "mefunctionsapptestsa.file.core.windows.net",
            "primary_location": "westeurope",
            "primary_queue_endpoint": "https://mefunctionsapptestsa.queue.core.windows.net/",
            "primary_queue_host": "mefunctionsapptestsa.queue.core.windows.net",
            "primary_table_endpoint": "https://mefunctionsapptestsa.table.core.windows.net/",
            "primary_table_host": "mefunctionsapptestsa.table.core.windows.net",
            "primary_web_endpoint": "https://mefunctionsapptestsa.z6.web.core.windows.net/",
            "primary_web_host": "mefunctionsapptestsa.z6.web.core.windows.net",
            "queue_encryption_key_type": "Service",
            "queue_properties": [
              {
                "cors_rule": [],
                "hour_metrics": [
                  {
                    "enabled": true,
                    "include_apis": true,
                    "retention_policy_days": 7,
                    "version": "1.0"
                  }
                ],
                "logging": [
                  {
                    "delete": false,
                    "read": false,
                    "retention_policy_days": 0,
                    "version": "1.0",
                    "write": false
                  }
                ],
                "minute_metrics": [
                  {
                    "enabled": false,
                    "include_apis": false,
                    "retention_policy_days": 0,
                    "version": "1.0"
                  }
                ]
              }
            ],
            "resource_group_name": "meazure-functions-test-rg",
            "routing": [],
            "secondary_access_key": "JdKdwHCikxncVs0Uxq15RuCqGbIIwK4KDpCkdTxzGfP/KuorlgC3qkcnguMOO1aseadg0yGTyRih+AStpZ+t0g==",
            "secondary_blob_connection_string": "",
            "secondary_blob_endpoint": null,
            "secondary_blob_host": null,
            "secondary_connection_string": "DefaultEndpointsProtocol=https;AccountName=mefunctionsapptestsa;AccountKey=JdKdwHCikxncVs0Uxq15RuCqGbIIwK4KDpCkdTxzGfP/KuorlgC3qkcnguMOO1aseadg0yGTyRih+AStpZ+t0g==;EndpointSuffix=core.windows.net",
            "secondary_dfs_endpoint": null,
            "secondary_dfs_host": null,
            "secondary_file_endpoint": null,
            "secondary_file_host": null,
            "secondary_location": "",
            "secondary_queue_endpoint": null,
            "secondary_queue_host": null,
            "secondary_table_endpoint": null,
            "secondary_table_host": null,
            "secondary_web_endpoint": null,
            "secondary_web_host": null,
            "share_properties": [
              {
                "cors_rule": [],
                "retention_policy": [
                  {
                    "days": 7
                  }
                ],
                "smb": []
              }
            ],
            "shared_access_key_enabled": true,
            "static_website": [],
            "table_encryption_key_type": "Service",
            "tags": {},
            "timeouts": null
          },
          "sensitive_attributes": [],
          "private": "eyJlMmJmYjczMC1lY2FhLTExZTYtOGY4OC0zNDM2M2JjN2M0YzAiOnsiY3JlYXRlIjozNjAwMDAwMDAwMDAwLCJkZWxldGUiOjM2MDAwMDAwMDAwMDAsInJlYWQiOjMwMDAwMDAwMDAwMCwidXBkYXRlIjozNjAwMDAwMDAwMDAwfSwic2NoZW1hX3ZlcnNpb24iOiIzIn0=",
          "dependencies": [
            "azurerm_resource_group.app_rgp"
          ]
        }
      ]
    },
    {
      "mode": "managed",
      "type": "azurerm_storage_blob",
      "name": "app_storage_blob",
      "provider": "provider[\"registry.terraform.io/hashicorp/azurerm\"]",
      "instances": [
        {
          "schema_version": 1,
          "attributes": {
            "access_tier": "Hot",
            "cache_control": "",
            "content_md5": "",
            "content_type": "application/octet-stream",
            "id": "https://mefunctionsapptestsa.blob.core.windows.net/functions/0be0b1a072191453eda0038d633bf9783140a49a498d59cd9e2eb9f276d5fdf4.zip",
            "metadata": {},
            "name": "0be0b1a072191453eda0038d633bf9783140a49a498d59cd9e2eb9f276d5fdf4.zip",
            "parallelism": 8,
            "size": 0,
            "source": "function-app.zip",
            "source_content": null,
            "source_uri": null,
            "storage_account_name": "mefunctionsapptestsa",
            "storage_container_name": "functions",
            "timeouts": null,
            "type": "Block",
            "url": "https://mefunctionsapptestsa.blob.core.windows.net/functions/0be0b1a072191453eda0038d633bf9783140a49a498d59cd9e2eb9f276d5fdf4.zip"
          },
          "sensitive_attributes": [],
          "private": "eyJlMmJmYjczMC1lY2FhLTExZTYtOGY4OC0zNDM2M2JjN2M0YzAiOnsiY3JlYXRlIjoxODAwMDAwMDAwMDAwLCJkZWxldGUiOjE4MDAwMDAwMDAwMDAsInJlYWQiOjMwMDAwMDAwMDAwMCwidXBkYXRlIjoxODAwMDAwMDAwMDAwfSwic2NoZW1hX3ZlcnNpb24iOiIxIn0=",
          "dependencies": [
            "azurerm_storage_account.app_storage",
            "azurerm_storage_container.app_storage_container",
            "data.archive_file.app_archive"
          ]
        }
      ]
    },
    {
      "mode": "managed",
      "type": "azurerm_storage_container",
      "name": "app_storage_container",
      "provider": "provider[\"registry.terraform.io/hashicorp/azurerm\"]",
      "instances": [
        {
          "schema_version": 1,
          "attributes": {
            "container_access_type": "private",
            "has_immutability_policy": false,
            "has_legal_hold": false,
            "id": "https://mefunctionsapptestsa.blob.core.windows.net/functions",
            "metadata": {},
            "name": "functions",
            "resource_manager_id": "/subscriptions/866a3c2d-46e8-4a34-874f-119dfb3f275d/resourceGroups/meazure-functions-test-rg/providers/Microsoft.Storage/storageAccounts/mefunctionsapptestsa/blobServices/default/containers/functions",
            "storage_account_name": "mefunctionsapptestsa",
            "timeouts": null
          },
          "sensitive_attributes": [],
          "private": "eyJlMmJmYjczMC1lY2FhLTExZTYtOGY4OC0zNDM2M2JjN2M0YzAiOnsiY3JlYXRlIjoxODAwMDAwMDAwMDAwLCJkZWxldGUiOjE4MDAwMDAwMDAwMDAsInJlYWQiOjMwMDAwMDAwMDAwMCwidXBkYXRlIjoxODAwMDAwMDAwMDAwfSwic2NoZW1hX3ZlcnNpb24iOiIxIn0=",
          "dependencies": [
            "azurerm_storage_account.app_storage"
          ]
        }
      ]
    }
  ]
}
